
Microsoft Visual Studio Solution File, Format Version 12.00
# Visual Studio Version 17
VisualStudioVersion = 17.7.34221.43
MinimumVisualStudioVersion = 10.0.40219.1
Project("{FAE04EC0-301F-11D3-BF4B-00C04F79EFBC}") = "BookServicesAPI", "BookServicesAPI.csproj", "{03F35D61-2C05-4905-BD0F-A327BEF17B02}"
EndProject
Global
	GlobalSection(SolutionConfigurationPlatforms) = preSolution
		Debug|Any CPU = Debug|Any CPU
		Release|Any CPU = Release|Any CPU
	EndGlobalSection
	GlobalSection(ProjectConfigurationPlatforms) = postSolution
		{03F35D61-2C05-4905-BD0F-A327BEF17B02}.Debug|Any CPU.ActiveCfg = Debug|Any CPU
		{03F35D61-2C05-4905-BD0F-A327BEF17B02}.Debug|Any CPU.Build.0 = Debug|Any CPU
		{03F35D61-2C05-4905-BD0F-A327BEF17B02}.Release|Any CPU.ActiveCfg = Release|Any CPU
		{03F35D61-2C05-4905-BD0F-A327BEF17B02}.Release|Any CPU.Build.0 = Release|Any CPU
	EndGlobalSection
	GlobalSection(SolutionProperties) = preSolution
		HideSolutionNode = FALSE
	EndGlobalSection
	GlobalSection(ExtensibilityGlobals) = postSolution
		SolutionGuid = {91E53994-90B1-4040-8296-A1FFD4D992FA}
	EndGlobalSection
EndGlobal
